PODS:
  - Alamofire (2.0.0-beta.1)

DEPENDENCIES:
  - Alamofire (from `https://github.com/Alamofire/Alamofire.git`, branch `swift-2.0`)

EXTERNAL SOURCES:
  Alamofire:
    :branch: swift-2.0
    :git: https://github.com/Alamofire/Alamofire.git

CHECKOUT OPTIONS:
  Alamofire:
    :commit: 62a5683b38386b53c522cffd2c1e1e0b22cf149a
    :git: https://github.com/Alamofire/Alamofire.git

SPEC CHECKSUMS:
  Alamofire: 96feccc1e48a735edb92395cf023ba4ed52bdb45

COCOAPODS: 0.38.2
